
Microsoft Visual Studio Solution File, Format Version 12.00
# Visual Studio Version 17
VisualStudioVersion = 17.0.31825.309
MinimumVisualStudioVersion = 10.0.40219.1
Project("{2150E333-8FDC-42A3-9474-1A3956D46DE8}") = "Solution Items", "Solution Items", "{CD3DFCB4-1F5A-4961-8AEE-FAD900578EB9}"
	ProjectSection(SolutionItems) = preProject
		AmazingDialog1.txt = AmazingDialog1.txt
		README.md = README.md
	EndProjectSection
EndProject
Project("{2150E333-8FDC-42A3-9474-1A3956D46DE8}") = "Dashboard", "Dashboard", "{342164AC-9C15-41A5-8AE0-A8DF2E00782A}"
EndProject
Project("{9A19103F-16F7-4668-BE54-9A1E7A4F7556}") = "Maanfee.Dashboard.Views.Base", "Dashboard\Maanfee.Dashboard.Views.Base\Maanfee.Dashboard.Views.Base.csproj", "{E8BE84F5-912D-4C31-BE4F-1061B82046CA}"
EndProject
Project("{9A19103F-16F7-4668-BE54-9A1E7A4F7556}") = "Maanfee.Dashboard.Views", "Dashboard\Maanfee.Dashboard.Views\Maanfee.Dashboard.Views.csproj", "{1D555FF8-A9CD-4F60-A11B-A2B505B685A5}"
EndProject
Project("{9A19103F-16F7-4668-BE54-9A1E7A4F7556}") = "Maanfee.Dashboard.Server", "Dashboard\Maanfee.Dashboard.Server\Maanfee.Dashboard.Server.csproj", "{0B08B0A4-AD97-4884-86E5-CF4AC1EB28B1}"
EndProject
Project("{2150E333-8FDC-42A3-9474-1A3956D46DE8}") = "Examples", "Examples", "{3AF1FBE4-22B7-481F-BD62-1F5C4EC9051F}"
EndProject
Project("{9A19103F-16F7-4668-BE54-9A1E7A4F7556}") = "Maanfee.Dashboard.Examples.Views", "Examples\Maanfee.Dashboard.Examples.Views\Maanfee.Dashboard.Examples.Views.csproj", "{FC31EDC2-C643-49F0-A785-A4CD37D8F7BC}"
EndProject
Project("{9A19103F-16F7-4668-BE54-9A1E7A4F7556}") = "Maanfee.Dashboard.Examples.Views.JsInterop", "Examples\Maanfee.Dashboard.Examples.Views.JsInterop\Maanfee.Dashboard.Examples.Views.JsInterop.csproj", "{1A20901B-AAB3-465B-AD9D-51C6C949ADD5}"
EndProject
Project("{2150E333-8FDC-42A3-9474-1A3956D46DE8}") = "Gateway", "Gateway", "{EB2F145B-F621-4FBF-93C5-BD6D13F42829}"
EndProject
Project("{2150E333-8FDC-42A3-9474-1A3956D46DE8}") = "DashboardAPI", "DashboardAPI", "{2C86B95E-FCFF-4AFE-AE8C-1B892A20200B}"
EndProject
Project("{9A19103F-16F7-4668-BE54-9A1E7A4F7556}") = "Maanfee.Web.Printing", "DashboardAPI\Maanfee.Web.Printing\Maanfee.Web.Printing.csproj", "{1F1B2635-972C-4F06-A165-94FE2040EF8C}"
EndProject
Project("{9A19103F-16F7-4668-BE54-9A1E7A4F7556}") = "Maanfee.Web.JSInterop", "DashboardAPI\Maanfee.Web.JSInterop\Maanfee.Web.JSInterop.csproj", "{B76DBA68-4DF9-451F-9AA5-A95C46CF3524}"
EndProject
Project("{9A19103F-16F7-4668-BE54-9A1E7A4F7556}") = "Maanfee.Web.Core", "DashboardAPI\Maanfee.Web.Core\Maanfee.Web.Core.csproj", "{632BD0DB-8D24-4DB3-B525-09E998B321B7}"
EndProject
Project("{9A19103F-16F7-4668-BE54-9A1E7A4F7556}") = "Maanfee.Dashboard.Views.Core", "DashboardAPI\Maanfee.Dashboard.Views.Core\Maanfee.Dashboard.Views.Core.csproj", "{857E5AC5-8266-4F36-9F68-9F2B4C42306C}"
EndProject
Project("{9A19103F-16F7-4668-BE54-9A1E7A4F7556}") = "Maanfee.Dashboard.Services", "DashboardAPI\Maanfee.Dashboard.Services\Maanfee.Dashboard.Services.csproj", "{E95D8A82-7658-4C1E-8577-4CD680AC83D9}"
EndProject
Project("{9A19103F-16F7-4668-BE54-9A1E7A4F7556}") = "Maanfee.Dashboard.Domain", "DashboardAPI\Maanfee.Dashboard.Domain\Maanfee.Dashboard.Domain.csproj", "{C2D19BF1-588A-4A30-9FAA-ED4617A8DFDC}"
EndProject
Project("{9A19103F-16F7-4668-BE54-9A1E7A4F7556}") = "Maanfee.Dashboard.Resources", "DashboardAPI\Maanfee.Dashboard.Resources\Maanfee.Dashboard.Resources.csproj", "{F52B0A83-5C66-45F1-ADDF-C3CD4C7C8706}"
EndProject
Project("{9A19103F-16F7-4668-BE54-9A1E7A4F7556}") = "Maanfee.Dashboard.Core", "DashboardAPI\Maanfee.Dashboard.Core\Maanfee.Dashboard.Core.csproj", "{1E4224D2-BF76-4709-B594-B503B2F1C758}"
EndProject
Project("{9A19103F-16F7-4668-BE54-9A1E7A4F7556}") = "Maanfee.Dashboard.Views.Booklet", "DashboardAPI\Maanfee.Dashboard.Booklet\Maanfee.Dashboard.Views.Booklet.csproj", "{4E826F25-7905-4D2A-ABAB-276598FFD1C9}"
EndProject
Project("{2150E333-8FDC-42A3-9474-1A3956D46DE8}") = "LoggingPlatforms", "LoggingPlatforms", "{C431711A-B332-4990-8AA9-BD5B2347FA01}"
EndProject
Project("{9A19103F-16F7-4668-BE54-9A1E7A4F7556}") = "LoggingPlatform", "LoggingPlatforms\LoggingPlatform\LoggingPlatform.csproj", "{F2D62E62-2A6A-4BD0-9714-7ECBB44E5B46}"
EndProject
Project("{9A19103F-16F7-4668-BE54-9A1E7A4F7556}") = "Gateway.Api", "Gateway\Gateway.Api\Gateway.Api.csproj", "{515912FD-DD96-407E-88FB-54226DDCEBBA}"
EndProject
Project("{9A19103F-16F7-4668-BE54-9A1E7A4F7556}") = "Maanfee.Logging.Console", "DashboardAPI\Maanfee.Logging.Console\Maanfee.Logging.Console.csproj", "{BF65CF28-6619-41C8-966E-97CFCF3ADA63}"
EndProject
Project("{FAE04EC0-301F-11D3-BF4B-00C04F79EFBC}") = "Maanfee.RabbitMQ.EventBus", "Maanfee.RabbitMQ.EventBus\Maanfee.RabbitMQ.EventBus.csproj", "{874910AC-868A-4CB3-BFBB-CBFBE4FA5ED6}"
EndProject
Global
	GlobalSection(SolutionConfigurationPlatforms) = preSolution
		Debug|Any CPU = Debug|Any CPU
		Release|Any CPU = Release|Any CPU
	EndGlobalSection
	GlobalSection(ProjectConfigurationPlatforms) = postSolution
		{E8BE84F5-912D-4C31-BE4F-1061B82046CA}.Debug|Any CPU.ActiveCfg = Debug|Any CPU
		{E8BE84F5-912D-4C31-BE4F-1061B82046CA}.Debug|Any CPU.Build.0 = Debug|Any CPU
		{E8BE84F5-912D-4C31-BE4F-1061B82046CA}.Release|Any CPU.ActiveCfg = Release|Any CPU
		{E8BE84F5-912D-4C31-BE4F-1061B82046CA}.Release|Any CPU.Build.0 = Release|Any CPU
		{1D555FF8-A9CD-4F60-A11B-A2B505B685A5}.Debug|Any CPU.ActiveCfg = Debug|Any CPU
		{1D555FF8-A9CD-4F60-A11B-A2B505B685A5}.Debug|Any CPU.Build.0 = Debug|Any CPU
		{1D555FF8-A9CD-4F60-A11B-A2B505B685A5}.Release|Any CPU.ActiveCfg = Release|Any CPU
		{1D555FF8-A9CD-4F60-A11B-A2B505B685A5}.Release|Any CPU.Build.0 = Release|Any CPU
		{0B08B0A4-AD97-4884-86E5-CF4AC1EB28B1}.Debug|Any CPU.ActiveCfg = Debug|Any CPU
		{0B08B0A4-AD97-4884-86E5-CF4AC1EB28B1}.Debug|Any CPU.Build.0 = Debug|Any CPU
		{0B08B0A4-AD97-4884-86E5-CF4AC1EB28B1}.Release|Any CPU.ActiveCfg = Release|Any CPU
		{0B08B0A4-AD97-4884-86E5-CF4AC1EB28B1}.Release|Any CPU.Build.0 = Release|Any CPU
		{FC31EDC2-C643-49F0-A785-A4CD37D8F7BC}.Debug|Any CPU.ActiveCfg = Debug|Any CPU
		{FC31EDC2-C643-49F0-A785-A4CD37D8F7BC}.Debug|Any CPU.Build.0 = Debug|Any CPU
		{FC31EDC2-C643-49F0-A785-A4CD37D8F7BC}.Release|Any CPU.ActiveCfg = Release|Any CPU
		{FC31EDC2-C643-49F0-A785-A4CD37D8F7BC}.Release|Any CPU.Build.0 = Release|Any CPU
		{1A20901B-AAB3-465B-AD9D-51C6C949ADD5}.Debug|Any CPU.ActiveCfg = Debug|Any CPU
		{1A20901B-AAB3-465B-AD9D-51C6C949ADD5}.Debug|Any CPU.Build.0 = Debug|Any CPU
		{1A20901B-AAB3-465B-AD9D-51C6C949ADD5}.Release|Any CPU.ActiveCfg = Release|Any CPU
		{1A20901B-AAB3-465B-AD9D-51C6C949ADD5}.Release|Any CPU.Build.0 = Release|Any CPU
		{1F1B2635-972C-4F06-A165-94FE2040EF8C}.Debug|Any CPU.ActiveCfg = Debug|Any CPU
		{1F1B2635-972C-4F06-A165-94FE2040EF8C}.Debug|Any CPU.Build.0 = Debug|Any CPU
		{1F1B2635-972C-4F06-A165-94FE2040EF8C}.Release|Any CPU.ActiveCfg = Release|Any CPU
		{1F1B2635-972C-4F06-A165-94FE2040EF8C}.Release|Any CPU.Build.0 = Release|Any CPU
		{B76DBA68-4DF9-451F-9AA5-A95C46CF3524}.Debug|Any CPU.ActiveCfg = Debug|Any CPU
		{B76DBA68-4DF9-451F-9AA5-A95C46CF3524}.Debug|Any CPU.Build.0 = Debug|Any CPU
		{B76DBA68-4DF9-451F-9AA5-A95C46CF3524}.Release|Any CPU.ActiveCfg = Release|Any CPU
		{B76DBA68-4DF9-451F-9AA5-A95C46CF3524}.Release|Any CPU.Build.0 = Release|Any CPU
		{632BD0DB-8D24-4DB3-B525-09E998B321B7}.Debug|Any CPU.ActiveCfg = Debug|Any CPU
		{632BD0DB-8D24-4DB3-B525-09E998B321B7}.Debug|Any CPU.Build.0 = Debug|Any CPU
		{632BD0DB-8D24-4DB3-B525-09E998B321B7}.Release|Any CPU.ActiveCfg = Release|Any CPU
		{632BD0DB-8D24-4DB3-B525-09E998B321B7}.Release|Any CPU.Build.0 = Release|Any CPU
		{857E5AC5-8266-4F36-9F68-9F2B4C42306C}.Debug|Any CPU.ActiveCfg = Debug|Any CPU
		{857E5AC5-8266-4F36-9F68-9F2B4C42306C}.Debug|Any CPU.Build.0 = Debug|Any CPU
		{857E5AC5-8266-4F36-9F68-9F2B4C42306C}.Release|Any CPU.ActiveCfg = Release|Any CPU
		{857E5AC5-8266-4F36-9F68-9F2B4C42306C}.Release|Any CPU.Build.0 = Release|Any CPU
		{E95D8A82-7658-4C1E-8577-4CD680AC83D9}.Debug|Any CPU.ActiveCfg = Debug|Any CPU
		{E95D8A82-7658-4C1E-8577-4CD680AC83D9}.Debug|Any CPU.Build.0 = Debug|Any CPU
		{E95D8A82-7658-4C1E-8577-4CD680AC83D9}.Release|Any CPU.ActiveCfg = Release|Any CPU
		{E95D8A82-7658-4C1E-8577-4CD680AC83D9}.Release|Any CPU.Build.0 = Release|Any CPU
		{C2D19BF1-588A-4A30-9FAA-ED4617A8DFDC}.Debug|Any CPU.ActiveCfg = Debug|Any CPU
		{C2D19BF1-588A-4A30-9FAA-ED4617A8DFDC}.Debug|Any CPU.Build.0 = Debug|Any CPU
		{C2D19BF1-588A-4A30-9FAA-ED4617A8DFDC}.Release|Any CPU.ActiveCfg = Release|Any CPU
		{C2D19BF1-588A-4A30-9FAA-ED4617A8DFDC}.Release|Any CPU.Build.0 = Release|Any CPU
		{F52B0A83-5C66-45F1-ADDF-C3CD4C7C8706}.Debug|Any CPU.ActiveCfg = Debug|Any CPU
		{F52B0A83-5C66-45F1-ADDF-C3CD4C7C8706}.Debug|Any CPU.Build.0 = Debug|Any CPU
		{F52B0A83-5C66-45F1-ADDF-C3CD4C7C8706}.Release|Any CPU.ActiveCfg = Release|Any CPU
		{F52B0A83-5C66-45F1-ADDF-C3CD4C7C8706}.Release|Any CPU.Build.0 = Release|Any CPU
		{1E4224D2-BF76-4709-B594-B503B2F1C758}.Debug|Any CPU.ActiveCfg = Debug|Any CPU
		{1E4224D2-BF76-4709-B594-B503B2F1C758}.Debug|Any CPU.Build.0 = Debug|Any CPU
		{1E4224D2-BF76-4709-B594-B503B2F1C758}.Release|Any CPU.ActiveCfg = Release|Any CPU
		{1E4224D2-BF76-4709-B594-B503B2F1C758}.Release|Any CPU.Build.0 = Release|Any CPU
		{4E826F25-7905-4D2A-ABAB-276598FFD1C9}.Debug|Any CPU.ActiveCfg = Debug|Any CPU
		{4E826F25-7905-4D2A-ABAB-276598FFD1C9}.Debug|Any CPU.Build.0 = Debug|Any CPU
		{4E826F25-7905-4D2A-ABAB-276598FFD1C9}.Release|Any CPU.ActiveCfg = Release|Any CPU
		{4E826F25-7905-4D2A-ABAB-276598FFD1C9}.Release|Any CPU.Build.0 = Release|Any CPU
		{F2D62E62-2A6A-4BD0-9714-7ECBB44E5B46}.Debug|Any CPU.ActiveCfg = Debug|Any CPU
		{F2D62E62-2A6A-4BD0-9714-7ECBB44E5B46}.Debug|Any CPU.Build.0 = Debug|Any CPU
		{F2D62E62-2A6A-4BD0-9714-7ECBB44E5B46}.Release|Any CPU.ActiveCfg = Release|Any CPU
		{F2D62E62-2A6A-4BD0-9714-7ECBB44E5B46}.Release|Any CPU.Build.0 = Release|Any CPU
		{515912FD-DD96-407E-88FB-54226DDCEBBA}.Debug|Any CPU.ActiveCfg = Debug|Any CPU
		{515912FD-DD96-407E-88FB-54226DDCEBBA}.Debug|Any CPU.Build.0 = Debug|Any CPU
		{515912FD-DD96-407E-88FB-54226DDCEBBA}.Release|Any CPU.ActiveCfg = Release|Any CPU
		{515912FD-DD96-407E-88FB-54226DDCEBBA}.Release|Any CPU.Build.0 = Release|Any CPU
		{BF65CF28-6619-41C8-966E-97CFCF3ADA63}.Debug|Any CPU.ActiveCfg = Debug|Any CPU
		{BF65CF28-6619-41C8-966E-97CFCF3ADA63}.Debug|Any CPU.Build.0 = Debug|Any CPU
		{BF65CF28-6619-41C8-966E-97CFCF3ADA63}.Release|Any CPU.ActiveCfg = Release|Any CPU
		{BF65CF28-6619-41C8-966E-97CFCF3ADA63}.Release|Any CPU.Build.0 = Release|Any CPU
		{874910AC-868A-4CB3-BFBB-CBFBE4FA5ED6}.Debug|Any CPU.ActiveCfg = Debug|Any CPU
		{874910AC-868A-4CB3-BFBB-CBFBE4FA5ED6}.Debug|Any CPU.Build.0 = Debug|Any CPU
		{874910AC-868A-4CB3-BFBB-CBFBE4FA5ED6}.Release|Any CPU.ActiveCfg = Release|Any CPU
		{874910AC-868A-4CB3-BFBB-CBFBE4FA5ED6}.Release|Any CPU.Build.0 = Release|Any CPU
	EndGlobalSection
	GlobalSection(SolutionProperties) = preSolution
		HideSolutionNode = FALSE
	EndGlobalSection
	GlobalSection(NestedProjects) = preSolution
		{E8BE84F5-912D-4C31-BE4F-1061B82046CA} = {342164AC-9C15-41A5-8AE0-A8DF2E00782A}
		{1D555FF8-A9CD-4F60-A11B-A2B505B685A5} = {342164AC-9C15-41A5-8AE0-A8DF2E00782A}
		{0B08B0A4-AD97-4884-86E5-CF4AC1EB28B1} = {342164AC-9C15-41A5-8AE0-A8DF2E00782A}
		{FC31EDC2-C643-49F0-A785-A4CD37D8F7BC} = {3AF1FBE4-22B7-481F-BD62-1F5C4EC9051F}
		{1A20901B-AAB3-465B-AD9D-51C6C949ADD5} = {3AF1FBE4-22B7-481F-BD62-1F5C4EC9051F}
		{1F1B2635-972C-4F06-A165-94FE2040EF8C} = {2C86B95E-FCFF-4AFE-AE8C-1B892A20200B}
		{B76DBA68-4DF9-451F-9AA5-A95C46CF3524} = {2C86B95E-FCFF-4AFE-AE8C-1B892A20200B}
		{632BD0DB-8D24-4DB3-B525-09E998B321B7} = {2C86B95E-FCFF-4AFE-AE8C-1B892A20200B}
		{857E5AC5-8266-4F36-9F68-9F2B4C42306C} = {2C86B95E-FCFF-4AFE-AE8C-1B892A20200B}
		{E95D8A82-7658-4C1E-8577-4CD680AC83D9} = {2C86B95E-FCFF-4AFE-AE8C-1B892A20200B}
		{C2D19BF1-588A-4A30-9FAA-ED4617A8DFDC} = {2C86B95E-FCFF-4AFE-AE8C-1B892A20200B}
		{F52B0A83-5C66-45F1-ADDF-C3CD4C7C8706} = {2C86B95E-FCFF-4AFE-AE8C-1B892A20200B}
		{1E4224D2-BF76-4709-B594-B503B2F1C758} = {2C86B95E-FCFF-4AFE-AE8C-1B892A20200B}
		{4E826F25-7905-4D2A-ABAB-276598FFD1C9} = {2C86B95E-FCFF-4AFE-AE8C-1B892A20200B}
		{F2D62E62-2A6A-4BD0-9714-7ECBB44E5B46} = {C431711A-B332-4990-8AA9-BD5B2347FA01}
		{515912FD-DD96-407E-88FB-54226DDCEBBA} = {EB2F145B-F621-4FBF-93C5-BD6D13F42829}
		{BF65CF28-6619-41C8-966E-97CFCF3ADA63} = {2C86B95E-FCFF-4AFE-AE8C-1B892A20200B}
		{874910AC-868A-4CB3-BFBB-CBFBE4FA5ED6} = {2C86B95E-FCFF-4AFE-AE8C-1B892A20200B}
	EndGlobalSection
	GlobalSection(ExtensibilityGlobals) = postSolution
		SolutionGuid = {E3DD1F6F-DB97-4380-9B9B-3F37A2C8D178}
	EndGlobalSection
EndGlobal
